
Microsoft Visual Studio Solution File, Format Version 12.00
# Visual Studio Version 17
VisualStudioVersion = 17.4.33213.308
MinimumVisualStudioVersion = 10.0.40219.1
Project("{9A19103F-16F7-4668-BE54-9A1E7A4F7556}") = "ECommerce", "ECommerce\ECommerce.csproj", "{9DBACDA3-774D-41F1-9865-F36423E11AE6}"
EndProject
Project("{9A19103F-16F7-4668-BE54-9A1E7A4F7556}") = "ECommerce.Models", "ECommerce.Models\ECommerce.Models.csproj", "{64800728-125C-4E3E-8206-749D4280B75D}"
EndProject
Project("{9A19103F-16F7-4668-BE54-9A1E7A4F7556}") = "ECommerce.DataAccess", "ECommerce.DataAccess\ECommerce.DataAccess.csproj", "{10B321FE-142E-4D90-B6E6-B9B9A9A1B649}"
EndProject
Project("{FAE04EC0-301F-11D3-BF4B-00C04F79EFBC}") = "ECommerce.Utility", "ECommerce.Utility\ECommerce.Utility.csproj", "{272C08A6-FD80-42C2-AA9E-038088FA962E}"
EndProject
Global
	GlobalSection(SolutionConfigurationPlatforms) = preSolution
		Debug|Any CPU = Debug|Any CPU
		Release|Any CPU = Release|Any CPU
	EndGlobalSection
	GlobalSection(ProjectConfigurationPlatforms) = postSolution
		{9DBACDA3-774D-41F1-9865-F36423E11AE6}.Debug|Any CPU.ActiveCfg = Debug|Any CPU
		{9DBACDA3-774D-41F1-9865-F36423E11AE6}.Debug|Any CPU.Build.0 = Debug|Any CPU
		{9DBACDA3-774D-41F1-9865-F36423E11AE6}.Release|Any CPU.ActiveCfg = Release|Any CPU
		{9DBACDA3-774D-41F1-9865-F36423E11AE6}.Release|Any CPU.Build.0 = Release|Any CPU
		{64800728-125C-4E3E-8206-749D4280B75D}.Debug|Any CPU.ActiveCfg = Debug|Any CPU
		{64800728-125C-4E3E-8206-749D4280B75D}.Debug|Any CPU.Build.0 = Debug|Any CPU
		{64800728-125C-4E3E-8206-749D4280B75D}.Release|Any CPU.ActiveCfg = Release|Any CPU
		{64800728-125C-4E3E-8206-749D4280B75D}.Release|Any CPU.Build.0 = Release|Any CPU
		{10B321FE-142E-4D90-B6E6-B9B9A9A1B649}.Debug|Any CPU.ActiveCfg = Debug|Any CPU
		{10B321FE-142E-4D90-B6E6-B9B9A9A1B649}.Debug|Any CPU.Build.0 = Debug|Any CPU
		{10B321FE-142E-4D90-B6E6-B9B9A9A1B649}.Release|Any CPU.ActiveCfg = Release|Any CPU
		{10B321FE-142E-4D90-B6E6-B9B9A9A1B649}.Release|Any CPU.Build.0 = Release|Any CPU
		{272C08A6-FD80-42C2-AA9E-038088FA962E}.Debug|Any CPU.ActiveCfg = Debug|Any CPU
		{272C08A6-FD80-42C2-AA9E-038088FA962E}.Debug|Any CPU.Build.0 = Debug|Any CPU
		{272C08A6-FD80-42C2-AA9E-038088FA962E}.Release|Any CPU.ActiveCfg = Release|Any CPU
		{272C08A6-FD80-42C2-AA9E-038088FA962E}.Release|Any CPU.Build.0 = Release|Any CPU
	EndGlobalSection
	GlobalSection(SolutionProperties) = preSolution
		HideSolutionNode = FALSE
	EndGlobalSection
	GlobalSection(ExtensibilityGlobals) = postSolution
		SolutionGuid = {84C05A73-667F-452A-A2A8-8328698C8083}
	EndGlobalSection
EndGlobal
